
Microsoft Visual Studio Solution File, Format Version 12.00
# Visual Studio 15
VisualStudioVersion = 15.0.27703.2042
MinimumVisualStudioVersion = 10.0.40219.1
Project("{9A19103F-16F7-4668-BE54-9A1E7A4F7556}") = "OdeToFood", "OdeToFood\OdeToFood.csproj", "{D53902BE-E55E-4343-8941-ED99DA0895AA}"
EndProject
Global
	GlobalSection(SolutionConfigurationPlatforms) = preSolution
		Debug|Any CPU = Debug|Any CPU
		Release|Any CPU = Release|Any CPU
	EndGlobalSection
	GlobalSection(ProjectConfigurationPlatforms) = postSolution
		{D53902BE-E55E-4343-8941-ED99DA0895AA}.Debug|Any CPU.ActiveCfg = Debug|Any CPU
		{D53902BE-E55E-4343-8941-ED99DA0895AA}.Debug|Any CPU.Build.0 = Debug|Any CPU
		{D53902BE-E55E-4343-8941-ED99DA0895AA}.Release|Any CPU.ActiveCfg = Release|Any CPU
		{D53902BE-E55E-4343-8941-ED99DA0895AA}.Release|Any CPU.Build.0 = Release|Any CPU
	EndGlobalSection
	GlobalSection(SolutionProperties) = preSolution
		HideSolutionNode = FALSE
	EndGlobalSection
	GlobalSection(ExtensibilityGlobals) = postSolution
		SolutionGuid = {E85781E3-4CC5-43B1-A353-7C55BA756FFC}
	EndGlobalSection
EndGlobal
